
Microsoft Visual Studio Solution File, Format Version 12.00
# Visual Studio 15
VisualStudioVersion = 15.0.28307.1433
MinimumVisualStudioVersion = 10.0.40219.1
Project("{FAE04EC0-301F-11D3-BF4B-00C04F79EFBC}") = "ReflectionTest", "ReflectionTest\ReflectionTest.csproj", "{BB738C19-848B-4D04-8534-92FB64A2D867}"
EndProject
Global
	GlobalSection(SolutionConfigurationPlatforms) = preSolution
		Debug|Any CPU = Debug|Any CPU
		Release|Any CPU = Release|Any CPU
	EndGlobalSection
	GlobalSection(ProjectConfigurationPlatforms) = postSolution
		{BB738C19-848B-4D04-8534-92FB64A2D867}.Debug|Any CPU.ActiveCfg = Debug|Any CPU
		{BB738C19-848B-4D04-8534-92FB64A2D867}.Debug|Any CPU.Build.0 = Debug|Any CPU
		{BB738C19-848B-4D04-8534-92FB64A2D867}.Release|Any CPU.ActiveCfg = Release|Any CPU
		{BB738C19-848B-4D04-8534-92FB64A2D867}.Release|Any CPU.Build.0 = Release|Any CPU
	EndGlobalSection
	GlobalSection(SolutionProperties) = preSolution
		HideSolutionNode = FALSE
	EndGlobalSection
	GlobalSection(ExtensibilityGlobals) = postSolution
		SolutionGuid = {66C2ED5D-DFE4-4801-ADA3-AC1DCF447577}
	EndGlobalSection
EndGlobal
